
Microsoft Visual Studio Solution File, Format Version 12.00
# Visual Studio 15
VisualStudioVersion = 15.0.26730.12
MinimumVisualStudioVersion = 10.0.40219.1
Project("{FAE04EC0-301F-11D3-BF4B-00C04F79EFBC}") = "IoTGame.RobotWinApp", "IoTGame.RobotWinApp\IoTGame.RobotWinApp.csproj", "{180BDFC1-1458-4928-969B-8C50EF9B1927}"
EndProject
Project("{9A19103F-16F7-4668-BE54-9A1E7A4F7556}") = "IoTGame.GoPiGo", "IoTGame.GoPiGo\IoTGame.GoPiGo.csproj", "{4EADF1A5-4B02-4A80-B13A-85EAD6B2EAC2}"
EndProject
Project("{9A19103F-16F7-4668-BE54-9A1E7A4F7556}") = "IoTGame.Driver", "IoTGame.Driver\IoTGame.Driver.csproj", "{47379E0C-C9F7-4D08-9289-6F87EB1BF2C6}"
EndProject
Project("{9A19103F-16F7-4668-BE54-9A1E7A4F7556}") = "IoTGame.Controller", "IoTGame.Controller\IoTGame.Controller.csproj", "{FA77DDB1-3CAD-4350-90A2-5567C093D2FD}"
EndProject
Project("{9A19103F-16F7-4668-BE54-9A1E7A4F7556}") = "IoTGame.Constants", "IoTGame.Constants\IoTGame.Constants.csproj", "{34916319-C1DC-45AD-B89B-87F7ECBB4E5C}"
EndProject
Project("{FAE04EC0-301F-11D3-BF4B-00C04F79EFBC}") = "IoTGame.ControlWinApp", "IoTGame.ControlWinApp\IoTGame.ControlWinApp.csproj", "{2FBE720A-0E50-49E7-B68B-EF9D35CBBF4A}"
EndProject
Project("{FAE04EC0-301F-11D3-BF4B-00C04F79EFBC}") = "IoTGame.AppCommon", "IoTGame.AppCommon\IoTGame.AppCommon.csproj", "{D9C9206F-0CCE-46FE-8D33-4B8DACDADFE9}"
EndProject
Project("{2150E333-8FDC-42A3-9474-1A3956D46DE8}") = "Applications", "Applications", "{7BD2B4C9-78BC-4002-AD5A-345D91E51188}"
EndProject
Project("{2150E333-8FDC-42A3-9474-1A3956D46DE8}") = "Deployment", "Deployment", "{A6342454-6C4D-4EB6-B812-B8360629DEB3}"
EndProject
Project("{151D2E53-A2C4-4D7D-83FE-D05416EBD58E}") = "IoTGame.ResourceGroup", "IoTGame.ResourceGroup\IoTGame.ResourceGroup.deployproj", "{701C06E5-794A-41F2-951F-2ABF0A9FC3E0}"
EndProject
Global
	GlobalSection(SolutionConfigurationPlatforms) = preSolution
		Debug|Any CPU = Debug|Any CPU
		Debug|ARM = Debug|ARM
		Debug|x64 = Debug|x64
		Debug|x86 = Debug|x86
		Release|Any CPU = Release|Any CPU
		Release|ARM = Release|ARM
		Release|x64 = Release|x64
		Release|x86 = Release|x86
	EndGlobalSection
	GlobalSection(ProjectConfigurationPlatforms) = postSolution
		{180BDFC1-1458-4928-969B-8C50EF9B1927}.Debug|Any CPU.ActiveCfg = Debug|x86
		{180BDFC1-1458-4928-969B-8C50EF9B1927}.Debug|ARM.ActiveCfg = Debug|ARM
		{180BDFC1-1458-4928-969B-8C50EF9B1927}.Debug|ARM.Build.0 = Debug|ARM
		{180BDFC1-1458-4928-969B-8C50EF9B1927}.Debug|ARM.Deploy.0 = Debug|ARM
		{180BDFC1-1458-4928-969B-8C50EF9B1927}.Debug|x64.ActiveCfg = Debug|x64
		{180BDFC1-1458-4928-969B-8C50EF9B1927}.Debug|x64.Build.0 = Debug|x64
		{180BDFC1-1458-4928-969B-8C50EF9B1927}.Debug|x64.Deploy.0 = Debug|x64
		{180BDFC1-1458-4928-969B-8C50EF9B1927}.Debug|x86.ActiveCfg = Debug|x86
		{180BDFC1-1458-4928-969B-8C50EF9B1927}.Debug|x86.Build.0 = Debug|x86
		{180BDFC1-1458-4928-969B-8C50EF9B1927}.Debug|x86.Deploy.0 = Debug|x86
		{180BDFC1-1458-4928-969B-8C50EF9B1927}.Release|Any CPU.ActiveCfg = Release|x86
		{180BDFC1-1458-4928-969B-8C50EF9B1927}.Release|ARM.ActiveCfg = Release|ARM
		{180BDFC1-1458-4928-969B-8C50EF9B1927}.Release|ARM.Build.0 = Release|ARM
		{180BDFC1-1458-4928-969B-8C50EF9B1927}.Release|ARM.Deploy.0 = Release|ARM
		{180BDFC1-1458-4928-969B-8C50EF9B1927}.Release|x64.ActiveCfg = Release|x64
		{180BDFC1-1458-4928-969B-8C50EF9B1927}.Release|x64.Build.0 = Release|x64
		{180BDFC1-1458-4928-969B-8C50EF9B1927}.Release|x64.Deploy.0 = Release|x64
		{180BDFC1-1458-4928-969B-8C50EF9B1927}.Release|x86.ActiveCfg = Release|x86
		{180BDFC1-1458-4928-969B-8C50EF9B1927}.Release|x86.Build.0 = Release|x86
		{180BDFC1-1458-4928-969B-8C50EF9B1927}.Release|x86.Deploy.0 = Release|x86
		{4EADF1A5-4B02-4A80-B13A-85EAD6B2EAC2}.Debug|Any CPU.ActiveCfg = Debug|Any CPU
		{4EADF1A5-4B02-4A80-B13A-85EAD6B2EAC2}.Debug|Any CPU.Build.0 = Debug|Any CPU
		{4EADF1A5-4B02-4A80-B13A-85EAD6B2EAC2}.Debug|ARM.ActiveCfg = Debug|Any CPU
		{4EADF1A5-4B02-4A80-B13A-85EAD6B2EAC2}.Debug|ARM.Build.0 = Debug|Any CPU
		{4EADF1A5-4B02-4A80-B13A-85EAD6B2EAC2}.Debug|x64.ActiveCfg = Debug|Any CPU
		{4EADF1A5-4B02-4A80-B13A-85EAD6B2EAC2}.Debug|x64.Build.0 = Debug|Any CPU
		{4EADF1A5-4B02-4A80-B13A-85EAD6B2EAC2}.Debug|x86.ActiveCfg = Debug|Any CPU
		{4EADF1A5-4B02-4A80-B13A-85EAD6B2EAC2}.Debug|x86.Build.0 = Debug|Any CPU
		{4EADF1A5-4B02-4A80-B13A-85EAD6B2EAC2}.Release|Any CPU.ActiveCfg = Release|Any CPU
		{4EADF1A5-4B02-4A80-B13A-85EAD6B2EAC2}.Release|Any CPU.Build.0 = Release|Any CPU
		{4EADF1A5-4B02-4A80-B13A-85EAD6B2EAC2}.Release|ARM.ActiveCfg = Release|Any CPU
		{4EADF1A5-4B02-4A80-B13A-85EAD6B2EAC2}.Release|ARM.Build.0 = Release|Any CPU
		{4EADF1A5-4B02-4A80-B13A-85EAD6B2EAC2}.Release|x64.ActiveCfg = Release|Any CPU
		{4EADF1A5-4B02-4A80-B13A-85EAD6B2EAC2}.Release|x64.Build.0 = Release|Any CPU
		{4EADF1A5-4B02-4A80-B13A-85EAD6B2EAC2}.Release|x86.ActiveCfg = Release|Any CPU
		{4EADF1A5-4B02-4A80-B13A-85EAD6B2EAC2}.Release|x86.Build.0 = Release|Any CPU
		{47379E0C-C9F7-4D08-9289-6F87EB1BF2C6}.Debug|Any CPU.ActiveCfg = Debug|Any CPU
		{47379E0C-C9F7-4D08-9289-6F87EB1BF2C6}.Debug|Any CPU.Build.0 = Debug|Any CPU
		{47379E0C-C9F7-4D08-9289-6F87EB1BF2C6}.Debug|ARM.ActiveCfg = Debug|Any CPU
		{47379E0C-C9F7-4D08-9289-6F87EB1BF2C6}.Debug|ARM.Build.0 = Debug|Any CPU
		{47379E0C-C9F7-4D08-9289-6F87EB1BF2C6}.Debug|x64.ActiveCfg = Debug|Any CPU
		{47379E0C-C9F7-4D08-9289-6F87EB1BF2C6}.Debug|x64.Build.0 = Debug|Any CPU
		{47379E0C-C9F7-4D08-9289-6F87EB1BF2C6}.Debug|x86.ActiveCfg = Debug|Any CPU
		{47379E0C-C9F7-4D08-9289-6F87EB1BF2C6}.Debug|x86.Build.0 = Debug|Any CPU
		{47379E0C-C9F7-4D08-9289-6F87EB1BF2C6}.Release|Any CPU.ActiveCfg = Release|Any CPU
		{47379E0C-C9F7-4D08-9289-6F87EB1BF2C6}.Release|Any CPU.Build.0 = Release|Any CPU
		{47379E0C-C9F7-4D08-9289-6F87EB1BF2C6}.Release|ARM.ActiveCfg = Release|Any CPU
		{47379E0C-C9F7-4D08-9289-6F87EB1BF2C6}.Release|ARM.Build.0 = Release|Any CPU
		{47379E0C-C9F7-4D08-9289-6F87EB1BF2C6}.Release|x64.ActiveCfg = Release|Any CPU
		{47379E0C-C9F7-4D08-9289-6F87EB1BF2C6}.Release|x64.Build.0 = Release|Any CPU
		{47379E0C-C9F7-4D08-9289-6F87EB1BF2C6}.Release|x86.ActiveCfg = Release|Any CPU
		{47379E0C-C9F7-4D08-9289-6F87EB1BF2C6}.Release|x86.Build.0 = Release|Any CPU
		{FA77DDB1-3CAD-4350-90A2-5567C093D2FD}.Debug|Any CPU.ActiveCfg = Debug|Any CPU
		{FA77DDB1-3CAD-4350-90A2-5567C093D2FD}.Debug|Any CPU.Build.0 = Debug|Any CPU
		{FA77DDB1-3CAD-4350-90A2-5567C093D2FD}.Debug|ARM.ActiveCfg = Debug|Any CPU
		{FA77DDB1-3CAD-4350-90A2-5567C093D2FD}.Debug|ARM.Build.0 = Debug|Any CPU
		{FA77DDB1-3CAD-4350-90A2-5567C093D2FD}.Debug|x64.ActiveCfg = Debug|Any CPU
		{FA77DDB1-3CAD-4350-90A2-5567C093D2FD}.Debug|x64.Build.0 = Debug|Any CPU
		{FA77DDB1-3CAD-4350-90A2-5567C093D2FD}.Debug|x86.ActiveCfg = Debug|Any CPU
		{FA77DDB1-3CAD-4350-90A2-5567C093D2FD}.Debug|x86.Build.0 = Debug|Any CPU
		{FA77DDB1-3CAD-4350-90A2-5567C093D2FD}.Release|Any CPU.ActiveCfg = Release|Any CPU
		{FA77DDB1-3CAD-4350-90A2-5567C093D2FD}.Release|Any CPU.Build.0 = Release|Any CPU
		{FA77DDB1-3CAD-4350-90A2-5567C093D2FD}.Release|ARM.ActiveCfg = Release|Any CPU
		{FA77DDB1-3CAD-4350-90A2-5567C093D2FD}.Release|ARM.Build.0 = Release|Any CPU
		{FA77DDB1-3CAD-4350-90A2-5567C093D2FD}.Release|x64.ActiveCfg = Release|Any CPU
		{FA77DDB1-3CAD-4350-90A2-5567C093D2FD}.Release|x64.Build.0 = Release|Any CPU
		{FA77DDB1-3CAD-4350-90A2-5567C093D2FD}.Release|x86.ActiveCfg = Release|Any CPU
		{FA77DDB1-3CAD-4350-90A2-5567C093D2FD}.Release|x86.Build.0 = Release|Any CPU
		{34916319-C1DC-45AD-B89B-87F7ECBB4E5C}.Debug|Any CPU.ActiveCfg = Debug|Any CPU
		{34916319-C1DC-45AD-B89B-87F7ECBB4E5C}.Debug|Any CPU.Build.0 = Debug|Any CPU
		{34916319-C1DC-45AD-B89B-87F7ECBB4E5C}.Debug|ARM.ActiveCfg = Debug|Any CPU
		{34916319-C1DC-45AD-B89B-87F7ECBB4E5C}.Debug|ARM.Build.0 = Debug|Any CPU
		{34916319-C1DC-45AD-B89B-87F7ECBB4E5C}.Debug|x64.ActiveCfg = Debug|Any CPU
		{34916319-C1DC-45AD-B89B-87F7ECBB4E5C}.Debug|x64.Build.0 = Debug|Any CPU
		{34916319-C1DC-45AD-B89B-87F7ECBB4E5C}.Debug|x86.ActiveCfg = Debug|Any CPU
		{34916319-C1DC-45AD-B89B-87F7ECBB4E5C}.Debug|x86.Build.0 = Debug|Any CPU
		{34916319-C1DC-45AD-B89B-87F7ECBB4E5C}.Release|Any CPU.ActiveCfg = Release|Any CPU
		{34916319-C1DC-45AD-B89B-87F7ECBB4E5C}.Release|Any CPU.Build.0 = Release|Any CPU
		{34916319-C1DC-45AD-B89B-87F7ECBB4E5C}.Release|ARM.ActiveCfg = Release|Any CPU
		{34916319-C1DC-45AD-B89B-87F7ECBB4E5C}.Release|ARM.Build.0 = Release|Any CPU
		{34916319-C1DC-45AD-B89B-87F7ECBB4E5C}.Release|x64.ActiveCfg = Release|Any CPU
		{34916319-C1DC-45AD-B89B-87F7ECBB4E5C}.Release|x64.Build.0 = Release|Any CPU
		{34916319-C1DC-45AD-B89B-87F7ECBB4E5C}.Release|x86.ActiveCfg = Release|Any CPU
		{34916319-C1DC-45AD-B89B-87F7ECBB4E5C}.Release|x86.Build.0 = Release|Any CPU
		{2FBE720A-0E50-49E7-B68B-EF9D35CBBF4A}.Debug|Any CPU.ActiveCfg = Debug|x86
		{2FBE720A-0E50-49E7-B68B-EF9D35CBBF4A}.Debug|ARM.ActiveCfg = Debug|ARM
		{2FBE720A-0E50-49E7-B68B-EF9D35CBBF4A}.Debug|ARM.Build.0 = Debug|ARM
		{2FBE720A-0E50-49E7-B68B-EF9D35CBBF4A}.Debug|ARM.Deploy.0 = Debug|ARM
		{2FBE720A-0E50-49E7-B68B-EF9D35CBBF4A}.Debug|x64.ActiveCfg = Debug|x64
		{2FBE720A-0E50-49E7-B68B-EF9D35CBBF4A}.Debug|x64.Build.0 = Debug|x64
		{2FBE720A-0E50-49E7-B68B-EF9D35CBBF4A}.Debug|x64.Deploy.0 = Debug|x64
		{2FBE720A-0E50-49E7-B68B-EF9D35CBBF4A}.Debug|x86.ActiveCfg = Debug|x86
		{2FBE720A-0E50-49E7-B68B-EF9D35CBBF4A}.Debug|x86.Build.0 = Debug|x86
		{2FBE720A-0E50-49E7-B68B-EF9D35CBBF4A}.Debug|x86.Deploy.0 = Debug|x86
		{2FBE720A-0E50-49E7-B68B-EF9D35CBBF4A}.Release|Any CPU.ActiveCfg = Release|x86
		{2FBE720A-0E50-49E7-B68B-EF9D35CBBF4A}.Release|ARM.ActiveCfg = Release|ARM
		{2FBE720A-0E50-49E7-B68B-EF9D35CBBF4A}.Release|ARM.Build.0 = Release|ARM
		{2FBE720A-0E50-49E7-B68B-EF9D35CBBF4A}.Release|ARM.Deploy.0 = Release|ARM
		{2FBE720A-0E50-49E7-B68B-EF9D35CBBF4A}.Release|x64.ActiveCfg = Release|x64
		{2FBE720A-0E50-49E7-B68B-EF9D35CBBF4A}.Release|x64.Build.0 = Release|x64
		{2FBE720A-0E50-49E7-B68B-EF9D35CBBF4A}.Release|x64.Deploy.0 = Release|x64
		{2FBE720A-0E50-49E7-B68B-EF9D35CBBF4A}.Release|x86.ActiveCfg = Release|x86
		{2FBE720A-0E50-49E7-B68B-EF9D35CBBF4A}.Release|x86.Build.0 = Release|x86
		{2FBE720A-0E50-49E7-B68B-EF9D35CBBF4A}.Release|x86.Deploy.0 = Release|x86
		{D9C9206F-0CCE-46FE-8D33-4B8DACDADFE9}.Debug|Any CPU.ActiveCfg = Debug|Any CPU
		{D9C9206F-0CCE-46FE-8D33-4B8DACDADFE9}.Debug|Any CPU.Build.0 = Debug|Any CPU
		{D9C9206F-0CCE-46FE-8D33-4B8DACDADFE9}.Debug|ARM.ActiveCfg = Debug|ARM
		{D9C9206F-0CCE-46FE-8D33-4B8DACDADFE9}.Debug|ARM.Build.0 = Debug|ARM
		{D9C9206F-0CCE-46FE-8D33-4B8DACDADFE9}.Debug|x64.ActiveCfg = Debug|x64
		{D9C9206F-0CCE-46FE-8D33-4B8DACDADFE9}.Debug|x64.Build.0 = Debug|x64
		{D9C9206F-0CCE-46FE-8D33-4B8DACDADFE9}.Debug|x86.ActiveCfg = Debug|x86
		{D9C9206F-0CCE-46FE-8D33-4B8DACDADFE9}.Debug|x86.Build.0 = Debug|x86
		{D9C9206F-0CCE-46FE-8D33-4B8DACDADFE9}.Release|Any CPU.ActiveCfg = Release|Any CPU
		{D9C9206F-0CCE-46FE-8D33-4B8DACDADFE9}.Release|Any CPU.Build.0 = Release|Any CPU
		{D9C9206F-0CCE-46FE-8D33-4B8DACDADFE9}.Release|ARM.ActiveCfg = Release|ARM
		{D9C9206F-0CCE-46FE-8D33-4B8DACDADFE9}.Release|ARM.Build.0 = Release|ARM
		{D9C9206F-0CCE-46FE-8D33-4B8DACDADFE9}.Release|x64.ActiveCfg = Release|x64
		{D9C9206F-0CCE-46FE-8D33-4B8DACDADFE9}.Release|x64.Build.0 = Release|x64
		{D9C9206F-0CCE-46FE-8D33-4B8DACDADFE9}.Release|x86.ActiveCfg = Release|x86
		{D9C9206F-0CCE-46FE-8D33-4B8DACDADFE9}.Release|x86.Build.0 = Release|x86
		{701C06E5-794A-41F2-951F-2ABF0A9FC3E0}.Debug|Any CPU.ActiveCfg = Debug|Any CPU
		{701C06E5-794A-41F2-951F-2ABF0A9FC3E0}.Debug|Any CPU.Build.0 = Debug|Any CPU
		{701C06E5-794A-41F2-951F-2ABF0A9FC3E0}.Debug|ARM.ActiveCfg = Debug|Any CPU
		{701C06E5-794A-41F2-951F-2ABF0A9FC3E0}.Debug|ARM.Build.0 = Debug|Any CPU
		{701C06E5-794A-41F2-951F-2ABF0A9FC3E0}.Debug|x64.ActiveCfg = Debug|Any CPU
		{701C06E5-794A-41F2-951F-2ABF0A9FC3E0}.Debug|x64.Build.0 = Debug|Any CPU
		{701C06E5-794A-41F2-951F-2ABF0A9FC3E0}.Debug|x86.ActiveCfg = Debug|Any CPU
		{701C06E5-794A-41F2-951F-2ABF0A9FC3E0}.Debug|x86.Build.0 = Debug|Any CPU
		{701C06E5-794A-41F2-951F-2ABF0A9FC3E0}.Release|Any CPU.ActiveCfg = Release|Any CPU
		{701C06E5-794A-41F2-951F-2ABF0A9FC3E0}.Release|Any CPU.Build.0 = Release|Any CPU
		{701C06E5-794A-41F2-951F-2ABF0A9FC3E0}.Release|ARM.ActiveCfg = Release|Any CPU
		{701C06E5-794A-41F2-951F-2ABF0A9FC3E0}.Release|ARM.Build.0 = Release|Any CPU
		{701C06E5-794A-41F2-951F-2ABF0A9FC3E0}.Release|x64.ActiveCfg = Release|Any CPU
		{701C06E5-794A-41F2-951F-2ABF0A9FC3E0}.Release|x64.Build.0 = Release|Any CPU
		{701C06E5-794A-41F2-951F-2ABF0A9FC3E0}.Release|x86.ActiveCfg = Release|Any CPU
		{701C06E5-794A-41F2-951F-2ABF0A9FC3E0}.Release|x86.Build.0 = Release|Any CPU
	EndGlobalSection
	GlobalSection(SolutionProperties) = preSolution
		HideSolutionNode = FALSE
	EndGlobalSection
	GlobalSection(NestedProjects) = preSolution
		{180BDFC1-1458-4928-969B-8C50EF9B1927} = {7BD2B4C9-78BC-4002-AD5A-345D91E51188}
		{2FBE720A-0E50-49E7-B68B-EF9D35CBBF4A} = {7BD2B4C9-78BC-4002-AD5A-345D91E51188}
		{D9C9206F-0CCE-46FE-8D33-4B8DACDADFE9} = {7BD2B4C9-78BC-4002-AD5A-345D91E51188}
		{701C06E5-794A-41F2-951F-2ABF0A9FC3E0} = {A6342454-6C4D-4EB6-B812-B8360629DEB3}
	EndGlobalSection
	GlobalSection(ExtensibilityGlobals) = postSolution
		SolutionGuid = {F02B8E20-7FA6-44F2-BE83-FDF0EC291C39}
	EndGlobalSection
EndGlobal
